// !$*UTF8*$!
{
	archiveVersion = 1;
	classes = {
	};
	objectVersion = 56;
	objects = {

/* Begin PBXBuildFile section */
		3D561CA1FEA296D9C8759D10 /* Pods_WaveForm.framework in Frameworks */ = {isa = PBXBuildFile; fileRef = B1C404B5628B5CCDBDA3ADFB /* Pods_WaveForm.framework */; };
		617A199A2910652600671290 /* AppDelegate.swift in Sources */ = {isa = PBXBuildFile; fileRef = 617A19992910652600671290 /* AppDelegate.swift */; };
		617A199C2910652600671290 /* SceneDelegate.swift in Sources */ = {isa = PBXBuildFile; fileRef = 617A199B2910652600671290 /* SceneDelegate.swift */; };
		617A199E2910652600671290 /* ViewController.swift in Sources */ = {isa = PBXBuildFile; fileRef = 617A199D2910652600671290 /* ViewController.swift */; };
		617A19A12910652600671290 /* Main.storyboard in Resources */ = {isa = PBXBuildFile; fileRef = 617A199F2910652600671290 /* Main.storyboard */; };
		617A19A32910652700671290 /* Assets.xcassets in Resources */ = {isa = PBXBuildFile; fileRef = 617A19A22910652700671290 /* Assets.xcassets */; };
		617A19A62910652700671290 /* LaunchScreen.storyboard in Resources */ = {isa = PBXBuildFile; fileRef = 617A19A42910652700671290 /* LaunchScreen.storyboard */; };
		617A19AF2910670400671290 /* UIColor.swift in Sources */ = {isa = PBXBuildFile; fileRef = 617A19AE2910670400671290 /* UIColor.swift */; };
		617A19B1291067DA00671290 /* UIResponder.swift in Sources */ = {isa = PBXBuildFile; fileRef = 617A19B0291067DA00671290 /* UIResponder.swift */; };
		617A19B5291068AE00671290 /* ScrollableWaveformView.swift in Sources */ = {isa = PBXBuildFile; fileRef = 617A19B4291068AE00671290 /* ScrollableWaveformView.swift */; };
		617A19B72910692800671290 /* UIBezierPath.swift in Sources */ = {isa = PBXBuildFile; fileRef = 617A19B62910692800671290 /* UIBezierPath.swift */; };
		617A19BA2910695600671290 /* BezierConfiguration.swift in Sources */ = {isa = PBXBuildFile; fileRef = 617A19B92910695600671290 /* BezierConfiguration.swift */; };
		617A19BD2910697500671290 /* BezierSegmentControlPoints.swift in Sources */ = {isa = PBXBuildFile; fileRef = 617A19BC2910697500671290 /* BezierSegmentControlPoints.swift */; };
		617A19BF2910698900671290 /* PathCommand.swift in Sources */ = {isa = PBXBuildFile; fileRef = 617A19BE2910698900671290 /* PathCommand.swift */; };
		617A19C1291069A000671290 /* CGPath.swift in Sources */ = {isa = PBXBuildFile; fileRef = 617A19C0291069A000671290 /* CGPath.swift */; };
		617A19D22911B37A00671290 /* Constants.swift in Sources */ = {isa = PBXBuildFile; fileRef = 617A19D12911B37A00671290 /* Constants.swift */; };
		617A19D52911B5E200671290 /* VIAudioSampleOperation.swift in Sources */ = {isa = PBXBuildFile; fileRef = 617A19D32911B5E200671290 /* VIAudioSampleOperation.swift */; };
		617A19D62911B5E200671290 /* AudioExporter.swift in Sources */ = {isa = PBXBuildFile; fileRef = 617A19D42911B5E200671290 /* AudioExporter.swift */; };
/* End PBXBuildFile section */

/* Begin PBXFileReference section */
		165AF59A1337351C165C3B25 /* Pods-WaveForm.release.xcconfig */ = {isa = PBXFileReference; includeInIndex = 1; lastKnownFileType = text.xcconfig; name = "Pods-WaveForm.release.xcconfig"; path = "Target Support Files/Pods-WaveForm/Pods-WaveForm.release.xcconfig"; sourceTree = "<group>"; };
		1FCEA6F76392D69D0CD16B0B /* Pods-WaveForm.debug.xcconfig */ = {isa = PBXFileReference; includeInIndex = 1; lastKnownFileType = text.xcconfig; name = "Pods-WaveForm.debug.xcconfig"; path = "Target Support Files/Pods-WaveForm/Pods-WaveForm.debug.xcconfig"; sourceTree = "<group>"; };
		617A19962910652600671290 /* WaveForm.app */ = {isa = PBXFileReference; explicitFileType = wrapper.application; includeInIndex = 0; path = WaveForm.app; sourceTree = BUILT_PRODUCTS_DIR; };
		617A19992910652600671290 /* AppDelegate.swift */ = {isa = PBXFileReference; lastKnownFileType = sourcecode.swift; path = AppDelegate.swift; sourceTree = "<group>"; };
		617A199B2910652600671290 /* SceneDelegate.swift */ = {isa = PBXFileReference; lastKnownFileType = sourcecode.swift; path = SceneDelegate.swift; sourceTree = "<group>"; };
		617A199D2910652600671290 /* ViewController.swift */ = {isa = PBXFileReference; lastKnownFileType = sourcecode.swift; path = ViewController.swift; sourceTree = "<group>"; };
		617A19A02910652600671290 /* Base */ = {isa = PBXFileReference; lastKnownFileType = file.storyboard; name = Base; path = Base.lproj/Main.storyboard; sourceTree = "<group>"; };
		617A19A22910652700671290 /* Assets.xcassets */ = {isa = PBXFileReference; lastKnownFileType = folder.assetcatalog; path = Assets.xcassets; sourceTree = "<group>"; };
		617A19A52910652700671290 /* Base */ = {isa = PBXFileReference; lastKnownFileType = file.storyboard; name = Base; path = Base.lproj/LaunchScreen.storyboard; sourceTree = "<group>"; };
		617A19A72910652700671290 /* Info.plist */ = {isa = PBXFileReference; lastKnownFileType = text.plist.xml; path = Info.plist; sourceTree = "<group>"; };
		617A19AE2910670400671290 /* UIColor.swift */ = {isa = PBXFileReference; lastKnownFileType = sourcecode.swift; path = UIColor.swift; sourceTree = "<group>"; };
		617A19B0291067DA00671290 /* UIResponder.swift */ = {isa = PBXFileReference; lastKnownFileType = sourcecode.swift; path = UIResponder.swift; sourceTree = "<group>"; };
		617A19B4291068AE00671290 /* ScrollableWaveformView.swift */ = {isa = PBXFileReference; lastKnownFileType = sourcecode.swift; path = ScrollableWaveformView.swift; sourceTree = "<group>"; };
		617A19B62910692800671290 /* UIBezierPath.swift */ = {isa = PBXFileReference; lastKnownFileType = sourcecode.swift; path = UIBezierPath.swift; sourceTree = "<group>"; };
		617A19B92910695600671290 /* BezierConfiguration.swift */ = {isa = PBXFileReference; lastKnownFileType = sourcecode.swift; path = BezierConfiguration.swift; sourceTree = "<group>"; };
		617A19BC2910697500671290 /* BezierSegmentControlPoints.swift */ = {isa = PBXFileReference; lastKnownFileType = sourcecode.swift; path = BezierSegmentControlPoints.swift; sourceTree = "<group>"; };
		617A19BE2910698900671290 /* PathCommand.swift */ = {isa = PBXFileReference; lastKnownFileType = sourcecode.swift; path = PathCommand.swift; sourceTree = "<group>"; };
		617A19C0291069A000671290 /* CGPath.swift */ = {isa = PBXFileReference; lastKnownFileType = sourcecode.swift; path = CGPath.swift; sourceTree = "<group>"; };
		617A19D12911B37A00671290 /* Constants.swift */ = {isa = PBXFileReference; lastKnownFileType = sourcecode.swift; path = Constants.swift; sourceTree = "<group>"; };
		617A19D32911B5E200671290 /* VIAudioSampleOperation.swift */ = {isa = PBXFileReference; fileEncoding = 4; lastKnownFileType = sourcecode.swift; path = VIAudioSampleOperation.swift; sourceTree = "<group>"; };
		617A19D42911B5E200671290 /* AudioExporter.swift */ = {isa = PBXFileReference; fileEncoding = 4; lastKnownFileType = sourcecode.swift; path = AudioExporter.swift; sourceTree = "<group>"; };
		B1C404B5628B5CCDBDA3ADFB /* Pods_WaveForm.framework */ = {isa = PBXFileReference; explicitFileType = wrapper.framework; includeInIndex = 0; path = Pods_WaveForm.framework; sourceTree = BUILT_PRODUCTS_DIR; };
/* End PBXFileReference section */

/* Begin PBXFrameworksBuildPhase section */
		617A19932910652600671290 /* Frameworks */ = {
			isa = PBXFrameworksBuildPhase;
			buildActionMask = 2147483647;
			files = (
				3D561CA1FEA296D9C8759D10 /* Pods_WaveForm.framework in Frameworks */,
			);
			runOnlyForDeploymentPostprocessing = 0;
		};
/* End PBXFrameworksBuildPhase section */

/* Begin PBXGroup section */
		617A198D2910652600671290 = {
			isa = PBXGroup;
			children = (
				617A19982910652600671290 /* WaveForm */,
				617A19972910652600671290 /* Products */,
				75853DDCE71D20A54FCA1084 /* Pods */,
				D84BA195F736768147288B40 /* Frameworks */,
			);
			sourceTree = "<group>";
		};
		617A19972910652600671290 /* Products */ = {
			isa = PBXGroup;
			children = (
				617A19962910652600671290 /* WaveForm.app */,
			);
			name = Products;
			sourceTree = "<group>";
		};
		617A19982910652600671290 /* WaveForm */ = {
			isa = PBXGroup;
			children = (
				617A19BB2910696A00671290 /* Model */,
				617A19B82910694F00671290 /* Helpers */,
				617A19B22910689E00671290 /* View */,
				617A19AD291066E200671290 /* Extensions */,
				617A19992910652600671290 /* AppDelegate.swift */,
				617A199B2910652600671290 /* SceneDelegate.swift */,
				617A199D2910652600671290 /* ViewController.swift */,
				617A199F2910652600671290 /* Main.storyboard */,
				617A19A22910652700671290 /* Assets.xcassets */,
				617A19A42910652700671290 /* LaunchScreen.storyboard */,
				617A19A72910652700671290 /* Info.plist */,
				617A19D12911B37A00671290 /* Constants.swift */,
			);
			path = WaveForm;
			sourceTree = "<group>";
		};
		617A19AD291066E200671290 /* Extensions */ = {
			isa = PBXGroup;
			children = (
				617A19AE2910670400671290 /* UIColor.swift */,
				617A19B0291067DA00671290 /* UIResponder.swift */,
				617A19B62910692800671290 /* UIBezierPath.swift */,
				617A19C0291069A000671290 /* CGPath.swift */,
			);
			path = Extensions;
			sourceTree = "<group>";
		};
		617A19B22910689E00671290 /* View */ = {
			isa = PBXGroup;
			children = (
				617A19B3291068A600671290 /* Waveform */,
			);
			path = View;
			sourceTree = "<group>";
		};
		617A19B3291068A600671290 /* Waveform */ = {
			isa = PBXGroup;
			children = (
				617A19B4291068AE00671290 /* ScrollableWaveformView.swift */,
			);
			path = Waveform;
			sourceTree = "<group>";
		};
		617A19B82910694F00671290 /* Helpers */ = {
			isa = PBXGroup;
			children = (
				617A19B92910695600671290 /* BezierConfiguration.swift */,
			);
			path = Helpers;
			sourceTree = "<group>";
		};
		617A19BB2910696A00671290 /* Model */ = {
			isa = PBXGroup;
			children = (
				617A19D32911B5E200671290 /* VIAudioSampleOperation.swift */,
				617A19D42911B5E200671290 /* AudioExporter.swift */,
				617A19BC2910697500671290 /* BezierSegmentControlPoints.swift */,
				617A19BE2910698900671290 /* PathCommand.swift */,
			);
			path = Model;
			sourceTree = "<group>";
		};
		75853DDCE71D20A54FCA1084 /* Pods */ = {
			isa = PBXGroup;
			children = (
				1FCEA6F76392D69D0CD16B0B /* Pods-WaveForm.debug.xcconfig */,
				165AF59A1337351C165C3B25 /* Pods-WaveForm.release.xcconfig */,
			);
			path = Pods;
			sourceTree = "<group>";
		};
		D84BA195F736768147288B40 /* Frameworks */ = {
			isa = PBXGroup;
			children = (
				B1C404B5628B5CCDBDA3ADFB /* Pods_WaveForm.framework */,
			);
			name = Frameworks;
			sourceTree = "<group>";
		};
/* End PBXGroup section */

/* Begin PBXNativeTarget section */
		617A19952910652600671290 /* WaveForm */ = {
			isa = PBXNativeTarget;
			buildConfigurationList = 617A19AA2910652700671290 /* Build configuration list for PBXNativeTarget "WaveForm" */;
			buildPhases = (
				2577713282CCC7BB28DB4BF7 /* [CP] Check Pods Manifest.lock */,
				617A19922910652600671290 /* Sources */,
				617A19932910652600671290 /* Frameworks */,
				617A19942910652600671290 /* Resources */,
				B07EC489C4A2011D895517B8 /* [CP] Embed Pods Frameworks */,
			);
			buildRules = (
			);
			dependencies = (
			);
			name = WaveForm;
			productName = WaveForm;
			productReference = 617A19962910652600671290 /* WaveForm.app */;
			productType = "com.apple.product-type.application";
		};
/* End PBXNativeTarget section */

/* Begin PBXProject section */
		617A198E2910652600671290 /* Project object */ = {
			isa = PBXProject;
			attributes = {
				BuildIndependentTargetsInParallel = 1;
				LastSwiftUpdateCheck = 1400;
				LastUpgradeCheck = 1400;
				TargetAttributes = {
					617A19952910652600671290 = {
						CreatedOnToolsVersion = 14.0.1;
					};
				};
			};
			buildConfigurationList = 617A19912910652600671290 /* Build configuration list for PBXProject "WaveForm" */;
			compatibilityVersion = "Xcode 14.0";
			developmentRegion = en;
			hasScannedForEncodings = 0;
			knownRegions = (
				en,
				Base,
			);
			mainGroup = 617A198D2910652600671290;
			productRefGroup = 617A19972910652600671290 /* Products */;
			projectDirPath = "";
			projectRoot = "";
			targets = (
				617A19952910652600671290 /* WaveForm */,
			);
		};
/* End PBXProject section */

/* Begin PBXResourcesBuildPhase section */
		617A19942910652600671290 /* Resources */ = {
			isa = PBXResourcesBuildPhase;
			buildActionMask = 2147483647;
			files = (
				617A19A62910652700671290 /* LaunchScreen.storyboard in Resources */,
				617A19A32910652700671290 /* Assets.xcassets in Resources */,
				617A19A12910652600671290 /* Main.storyboard in Resources */,
			);
			runOnlyForDeploymentPostprocessing = 0;
		};
/* End PBXResourcesBuildPhase section */

/* Begin PBXShellScriptBuildPhase section */
		2577713282CCC7BB28DB4BF7 /* [CP] Check Pods Manifest.lock */ = {
			isa = PBXShellScriptBuildPhase;
			buildActionMask = 2147483647;
			files = (
			);
			inputFileListPaths = (
			);
			inputPaths = (
				"${PODS_PODFILE_DIR_PATH}/Podfile.lock",
				"${PODS_ROOT}/Manifest.lock",
			);
			name = "[CP] Check Pods Manifest.lock";
			outputFileListPaths = (
			);
			outputPaths = (
				"$(DERIVED_FILE_DIR)/Pods-WaveForm-checkManifestLockResult.txt",
			);
			runOnlyForDeploymentPostprocessing = 0;
			shellPath = /bin/sh;
			shellScript = "diff \"${PODS_PODFILE_DIR_PATH}/Podfile.lock\" \"${PODS_ROOT}/Manifest.lock\" > /dev/null\nif [ $? != 0 ] ; then\n    # print error to STDERR\n    echo \"error: The sandbox is not in sync with the Podfile.lock. Run 'pod install' or update your CocoaPods installation.\" >&2\n    exit 1\nfi\n# This output is used by Xcode 'outputs' to avoid re-running this script phase.\necho \"SUCCESS\" > \"${SCRIPT_OUTPUT_FILE_0}\"\n";
			showEnvVarsInLog = 0;
		};
		B07EC489C4A2011D895517B8 /* [CP] Embed Pods Frameworks */ = {
			isa = PBXShellScriptBuildPhase;
			buildActionMask = 2147483647;
			files = (
			);
			inputFileListPaths = (
				"${PODS_ROOT}/Target Support Files/Pods-WaveForm/Pods-WaveForm-frameworks-${CONFIGURATION}-input-files.xcfilelist",
			);
			name = "[CP] Embed Pods Frameworks";
			outputFileListPaths = (
				"${PODS_ROOT}/Target Support Files/Pods-WaveForm/Pods-WaveForm-frameworks-${CONFIGURATION}-output-files.xcfilelist",
			);
			runOnlyForDeploymentPostprocessing = 0;
			shellPath = /bin/sh;
			shellScript = "\"${PODS_ROOT}/Target Support Files/Pods-WaveForm/Pods-WaveForm-frameworks.sh\"\n";
			showEnvVarsInLog = 0;
		};
/* End PBXShellScriptBuildPhase section */

/* Begin PBXSourcesBuildPhase section */
		617A19922910652600671290 /* Sources */ = {
			isa = PBXSourcesBuildPhase;
			buildActionMask = 2147483647;
			files = (
				617A199E2910652600671290 /* ViewController.swift in Sources */,
				617A19AF2910670400671290 /* UIColor.swift in Sources */,
				617A199A2910652600671290 /* AppDelegate.swift in Sources */,
				617A19B1291067DA00671290 /* UIResponder.swift in Sources */,
				617A19BD2910697500671290 /* BezierSegmentControlPoints.swift in Sources */,
				617A19B5291068AE00671290 /* ScrollableWaveformView.swift in Sources */,
				617A19BA2910695600671290 /* BezierConfiguration.swift in Sources */,
				617A199C2910652600671290 /* SceneDelegate.swift in Sources */,
				617A19C1291069A000671290 /* CGPath.swift in Sources */,
				617A19D52911B5E200671290 /* VIAudioSampleOperation.swift in Sources */,
				617A19D22911B37A00671290 /* Constants.swift in Sources */,
				617A19BF2910698900671290 /* PathCommand.swift in Sources */,
				617A19D62911B5E200671290 /* AudioExporter.swift in Sources */,
				617A19B72910692800671290 /* UIBezierPath.swift in Sources */,
			);
			runOnlyForDeploymentPostprocessing = 0;
		};
/* End PBXSourcesBuildPhase section */

/* Begin PBXVariantGroup section */
		617A199F2910652600671290 /* Main.storyboard */ = {
			isa = PBXVariantGroup;
			children = (
				617A19A02910652600671290 /* Base */,
			);
			name = Main.storyboard;
			sourceTree = "<group>";
		};
		617A19A42910652700671290 /* LaunchScreen.storyboard */ = {
			isa = PBXVariantGroup;
			children = (
				617A19A52910652700671290 /* Base */,
			);
			name = LaunchScreen.storyboard;
			sourceTree = "<group>";
		};
/* End PBXVariantGroup section */

/* Begin XCBuildConfiguration section */
		617A19A82910652700671290 /* Debug */ = {
			isa = XCBuildConfiguration;
			buildSettings = {
				ALWAYS_SEARCH_USER_PATHS = NO;
				CLANG_ANALYZER_NONNULL = YES;
				CLANG_ANALYZER_NUMBER_OBJECT_CONVERSION = YES_AGGRESSIVE;
				CLANG_CXX_LANGUAGE_STANDARD = "gnu++20";
				CLANG_ENABLE_MODULES = YES;
				CLANG_ENABLE_OBJC_ARC = YES;
				CLANG_ENABLE_OBJC_WEAK = YES;
				CLANG_WARN_BLOCK_CAPTURE_AUTORELEASING = YES;
				CLANG_WARN_BOOL_CONVERSION = YES;
				CLANG_WARN_COMMA = YES;
				CLANG_WARN_CONSTANT_CONVERSION = YES;
				CLANG_WARN_DEPRECATED_OBJC_IMPLEMENTATIONS = YES;
				CLANG_WARN_DIRECT_OBJC_ISA_USAGE = YES_ERROR;
				CLANG_WARN_DOCUMENTATION_COMMENTS = YES;
				CLANG_WARN_EMPTY_BODY = YES;
				CLANG_WARN_ENUM_CONVERSION = YES;
				CLANG_WARN_INFINITE_RECURSION = YES;
				CLANG_WARN_INT_CONVERSION = YES;
				CLANG_WARN_NON_LITERAL_NULL_CONVERSION = YES;
				CLANG_WARN_OBJC_IMPLICIT_RETAIN_SELF = YES;
				CLANG_WARN_OBJC_LITERAL_CONVERSION = YES;
				CLANG_WARN_OBJC_ROOT_CLASS = YES_ERROR;
				CLANG_WARN_QUOTED_INCLUDE_IN_FRAMEWORK_HEADER = YES;
				CLANG_WARN_RANGE_LOOP_ANALYSIS = YES;
				CLANG_WARN_STRICT_PROTOTYPES = YES;
				CLANG_WARN_SUSPICIOUS_MOVE = YES;
				CLANG_WARN_UNGUARDED_AVAILABILITY = YES_AGGRESSIVE;
				CLANG_WARN_UNREACHABLE_CODE = YES;
				CLANG_WARN__DUPLICATE_METHOD_MATCH = YES;
				COPY_PHASE_STRIP = NO;
				DEBUG_INFORMATION_FORMAT = dwarf;
				ENABLE_STRICT_OBJC_MSGSEND = YES;
				ENABLE_TESTABILITY = YES;
				GCC_C_LANGUAGE_STANDARD = gnu11;
				GCC_DYNAMIC_NO_PIC = NO;
				GCC_NO_COMMON_BLOCKS = YES;
				GCC_OPTIMIZATION_LEVEL = 0;
				GCC_PREPROCESSOR_DEFINITIONS = (
					"DEBUG=1",
					"$(inherited)",
				);
				GCC_WARN_64_TO_32_BIT_CONVERSION = YES;
				GCC_WARN_ABOUT_RETURN_TYPE = YES_ERROR;
				GCC_WARN_UNDECLARED_SELECTOR = YES;
				GCC_WARN_UNINITIALIZED_AUTOS = YES_AGGRESSIVE;
				GCC_WARN_UNUSED_FUNCTION = YES;
				GCC_WARN_UNUSED_VARIABLE = YES;
				IPHONEOS_DEPLOYMENT_TARGET = 16.0;
				MTL_ENABLE_DEBUG_INFO = INCLUDE_SOURCE;
				MTL_FAST_MATH = YES;
				ONLY_ACTIVE_ARCH = YES;
				SDKROOT = iphoneos;
				SWIFT_ACTIVE_COMPILATION_CONDITIONS = DEBUG;
				SWIFT_OPTIMIZATION_LEVEL = "-Onone";
			};
			name = Debug;
		};
		617A19A92910652700671290 /* Release */ = {
			isa = XCBuildConfiguration;
			buildSettings = {
				ALWAYS_SEARCH_USER_PATHS = NO;
				CLANG_ANALYZER_NONNULL = YES;
				CLANG_ANALYZER_NUMBER_OBJECT_CONVERSION = YES_AGGRESSIVE;
				CLANG_CXX_LANGUAGE_STANDARD = "gnu++20";
				CLANG_ENABLE_MODULES = YES;
				CLANG_ENABLE_OBJC_ARC = YES;
				CLANG_ENABLE_OBJC_WEAK = YES;
				CLANG_WARN_BLOCK_CAPTURE_AUTORELEASING = YES;
				CLANG_WARN_BOOL_CONVERSION = YES;
				CLANG_WARN_COMMA = YES;
				CLANG_WARN_CONSTANT_CONVERSION = YES;
				CLANG_WARN_DEPRECATED_OBJC_IMPLEMENTATIONS = YES;
				CLANG_WARN_DIRECT_OBJC_ISA_USAGE = YES_ERROR;
				CLANG_WARN_DOCUMENTATION_COMMENTS = YES;
				CLANG_WARN_EMPTY_BODY = YES;
				CLANG_WARN_ENUM_CONVERSION = YES;
				CLANG_WARN_INFINITE_RECURSION = YES;
				CLANG_WARN_INT_CONVERSION = YES;
				CLANG_WARN_NON_LITERAL_NULL_CONVERSION = YES;
				CLANG_WARN_OBJC_IMPLICIT_RETAIN_SELF = YES;
				CLANG_WARN_OBJC_LITERAL_CONVERSION = YES;
				CLANG_WARN_OBJC_ROOT_CLASS = YES_ERROR;
				CLANG_WARN_QUOTED_INCLUDE_IN_FRAMEWORK_HEADER = YES;
				CLANG_WARN_RANGE_LOOP_ANALYSIS = YES;
				CLANG_WARN_STRICT_PROTOTYPES = YES;
				CLANG_WARN_SUSPICIOUS_MOVE = YES;
				CLANG_WARN_UNGUARDED_AVAILABILITY = YES_AGGRESSIVE;
				CLANG_WARN_UNREACHABLE_CODE = YES;
				CLANG_WARN__DUPLICATE_METHOD_MATCH = YES;
				COPY_PHASE_STRIP = NO;
				DEBUG_INFORMATION_FORMAT = "dwarf-with-dsym";
				ENABLE_NS_ASSERTIONS = NO;
				ENABLE_STRICT_OBJC_MSGSEND = YES;
				GCC_C_LANGUAGE_STANDARD = gnu11;
				GCC_NO_COMMON_BLOCKS = YES;
				GCC_WARN_64_TO_32_BIT_CONVERSION = YES;
				GCC_WARN_ABOUT_RETURN_TYPE = YES_ERROR;
				GCC_WARN_UNDECLARED_SELECTOR = YES;
				GCC_WARN_UNINITIALIZED_AUTOS = YES_AGGRESSIVE;
				GCC_WARN_UNUSED_FUNCTION = YES;
				GCC_WARN_UNUSED_VARIABLE = YES;
				IPHONEOS_DEPLOYMENT_TARGET = 16.0;
				MTL_ENABLE_DEBUG_INFO = NO;
				MTL_FAST_MATH = YES;
				SDKROOT = iphoneos;
				SWIFT_COMPILATION_MODE = wholemodule;
				SWIFT_OPTIMIZATION_LEVEL = "-O";
				VALIDATE_PRODUCT = YES;
			};
			name = Release;
		};
		617A19AB2910652700671290 /* Debug */ = {
			isa = XCBuildConfiguration;
			baseConfigurationReference = 1FCEA6F76392D69D0CD16B0B /* Pods-WaveForm.debug.xcconfig */;
			buildSettings = {
				ASSETCATALOG_COMPILER_APPICON_NAME = AppIcon;
				ASSETCATALOG_COMPILER_GLOBAL_ACCENT_COLOR_NAME = AccentColor;
				CODE_SIGN_STYLE = Automatic;
				CURRENT_PROJECT_VERSION = 1;
				DEVELOPMENT_TEAM = BA5N2CG5VC;
				GENERATE_INFOPLIST_FILE = YES;
				INFOPLIST_FILE = WaveForm/Info.plist;
				INFOPLIST_KEY_UIApplicationSupportsIndirectInputEvents = YES;
				INFOPLIST_KEY_UILaunchStoryboardName = LaunchScreen;
				INFOPLIST_KEY_UIMainStoryboardFile = Main;
				INFOPLIST_KEY_UISupportedInterfaceOrientations_iPad = "UIInterfaceOrientationPortrait UIInterfaceOrientationPortraitUpsideDown UIInterfaceOrientationLandscapeLeft UIInterfaceOrientationLandscapeRight";
				INFOPLIST_KEY_UISupportedInterfaceOrientations_iPhone = "UIInterfaceOrientationPortrait UIInterfaceOrientationLandscapeLeft UIInterfaceOrientationLandscapeRight";
				IPHONEOS_DEPLOYMENT_TARGET = 13.0;
				LD_RUNPATH_SEARCH_PATHS = (
					"$(inherited)",
					"@executable_path/Frameworks",
				);
				MARKETING_VERSION = 1.0;
				PRODUCT_BUNDLE_IDENTIFIER = com.app.waveform.test.WaveForm;
				PRODUCT_NAME = "$(TARGET_NAME)";
				SWIFT_EMIT_LOC_STRINGS = YES;
				SWIFT_VERSION = 5.0;
				TARGETED_DEVICE_FAMILY = "1,2";
			};
			name = Debug;
		};
		617A19AC2910652700671290 /* Release */ = {
			isa = XCBuildConfiguration;
			baseConfigurationReference = 165AF59A1337351C165C3B25 /* Pods-WaveForm.release.xcconfig */;
			buildSettings = {
				ASSETCATALOG_COMPILER_APPICON_NAME = AppIcon;
				ASSETCATALOG_COMPILER_GLOBAL_ACCENT_COLOR_NAME = AccentColor;
				CODE_SIGN_STYLE = Automatic;
				CURRENT_PROJECT_VERSION = 1;
				DEVELOPMENT_TEAM = BA5N2CG5VC;
				GENERATE_INFOPLIST_FILE = YES;
				INFOPLIST_FILE = WaveForm/Info.plist;
				INFOPLIST_KEY_UIApplicationSupportsIndirectInputEvents = YES;
				INFOPLIST_KEY_UILaunchStoryboardName = LaunchScreen;
				INFOPLIST_KEY_UIMainStoryboardFile = Main;
				INFOPLIST_KEY_UISupportedInterfaceOrientations_iPad = "UIInterfaceOrientationPortrait UIInterfaceOrientationPortraitUpsideDown UIInterfaceOrientationLandscapeLeft UIInterfaceOrientationLandscapeRight";
				INFOPLIST_KEY_UISupportedInterfaceOrientations_iPhone = "UIInterfaceOrientationPortrait UIInterfaceOrientationLandscapeLeft UIInterfaceOrientationLandscapeRight";
				IPHONEOS_DEPLOYMENT_TARGET = 13.0;
				LD_RUNPATH_SEARCH_PATHS = (
					"$(inherited)",
					"@executable_path/Frameworks",
				);
				MARKETING_VERSION = 1.0;
				PRODUCT_BUNDLE_IDENTIFIER = com.app.waveform.test.WaveForm;
				PRODUCT_NAME = "$(TARGET_NAME)";
				SWIFT_EMIT_LOC_STRINGS = YES;
				SWIFT_VERSION = 5.0;
				TARGETED_DEVICE_FAMILY = "1,2";
			};
			name = Release;
		};
/* End XCBuildConfiguration section */

/* Begin XCConfigurationList section */
		617A19912910652600671290 /* Build configuration list for PBXProject "WaveForm" */ = {
			isa = XCConfigurationList;
			buildConfigurations = (
				617A19A82910652700671290 /* Debug */,
				617A19A92910652700671290 /* Release */,
			);
			defaultConfigurationIsVisible = 0;
			defaultConfigurationName = Release;
		};
		617A19AA2910652700671290 /* Build configuration list for PBXNativeTarget "WaveForm" */ = {
			isa = XCConfigurationList;
			buildConfigurations = (
				617A19AB2910652700671290 /* Debug */,
				617A19AC2910652700671290 /* Release */,
			);
			defaultConfigurationIsVisible = 0;
			defaultConfigurationName = Release;
		};
/* End XCConfigurationList section */
	};
	rootObject = 617A198E2910652600671290 /* Project object */;
}
